{
  "version": 4,
  "terraform_version": "1.13.2",
  "serial": 1,
  "lineage": "7851e94a-4d7c-a7cf-b697-81e8607c40a3",
  "outputs": {
    "file_created": {
      "value": "myfile.txt",
      "type": "string"
    }
  },
  "resources": [
    {
      "mode": "managed",
      "type": "local_file",
      "name": "example",
      "provider": "provider[\"registry.terraform.io/hashicorp/local\"]",
      "instances": [
        {
          "schema_version": 0,
          "attributes": {
            "content": "Terraform Variables Example",
            "content_base64": null,
            "content_base64sha256": "sZN44udF0AcBFhKsiYi32OneA+TRtcgC7fKLwPEkXsU=",
            "content_base64sha512": "C0m6OSkDSQKa8KLga9ZlB3SnVzQhec60y2kW8q6mNYfdlyWBdJs2AIdCti45UMT9ZnUs57oPEbsH1hKRUxpMOA==",
            "content_md5": "8c6080ae97505ac681dc6cec2e0ac89f",
            "content_sha1": "110576010b613afd4ea7f23b89c86ec17fad9f9b",
            "content_sha256": "b19378e2e745d007011612ac8988b7d8e9de03e4d1b5c802edf28bc0f1245ec5",
            "content_sha512": "0b49ba39290349029af0a2e06bd6650774a757342179ceb4cb6916f2aea63587dd972581749b36008742b62e3950c4fd66752ce7ba0f11bb07d61291531a4c38",
            "directory_permission": "0777",
            "file_permission": "0777",
            "filename": "myfile.txt",
            "id": "110576010b613afd4ea7f23b89c86ec17fad9f9b",
            "sensitive_content": null,
            "source": null
          },
          "sensitive_attributes": [
            [
              {
                "type": "get_attr",
                "value": "sensitive_content"
              }
            ]
          ],
          "identity_schema_version": 0
        }
      ]
    }
  ],
  "check_results": null
}
